
Microsoft Visual Studio Solution File, Format Version 12.00
# Visual Studio 14
VisualStudioVersion = 14.0.24720.0
MinimumVisualStudioVersion = 10.0.40219.1
Project("{FAE04EC0-301F-11D3-BF4B-00C04F79EFBC}") = "NinjasOnlineStore.Data", "NinjasOnlineStore.Data\NinjasOnlineStore.Data.csproj", "{A014C154-3790-4D86-B7B4-3AFFF4EFCB87}"
EndProject
Project("{FAE04EC0-301F-11D3-BF4B-00C04F79EFBC}") = "NinjasOnlineStore.App", "NinjasOnlineStore.App\NinjasOnlineStore.App.csproj", "{F92E43FF-1635-4259-92E8-17A60E8FF1A5}"
EndProject
Project("{FAE04EC0-301F-11D3-BF4B-00C04F79EFBC}") = "NinjasOnlineStore.Models", "NinjasOnlineStore.Models\NinjasOnlineStore.Models.csproj", "{2638EEEB-4F39-45FB-8C17-4BD75571C7ED}"
EndProject
Global
	GlobalSection(SolutionConfigurationPlatforms) = preSolution
		Debug|Any CPU = Debug|Any CPU
		Release|Any CPU = Release|Any CPU
	EndGlobalSection
	GlobalSection(ProjectConfigurationPlatforms) = postSolution
		{A014C154-3790-4D86-B7B4-3AFFF4EFCB87}.Debug|Any CPU.ActiveCfg = Debug|Any CPU
		{A014C154-3790-4D86-B7B4-3AFFF4EFCB87}.Debug|Any CPU.Build.0 = Debug|Any CPU
		{A014C154-3790-4D86-B7B4-3AFFF4EFCB87}.Release|Any CPU.ActiveCfg = Release|Any CPU
		{A014C154-3790-4D86-B7B4-3AFFF4EFCB87}.Release|Any CPU.Build.0 = Release|Any CPU
		{F92E43FF-1635-4259-92E8-17A60E8FF1A5}.Debug|Any CPU.ActiveCfg = Debug|Any CPU
		{F92E43FF-1635-4259-92E8-17A60E8FF1A5}.Debug|Any CPU.Build.0 = Debug|Any CPU
		{F92E43FF-1635-4259-92E8-17A60E8FF1A5}.Release|Any CPU.ActiveCfg = Release|Any CPU
		{F92E43FF-1635-4259-92E8-17A60E8FF1A5}.Release|Any CPU.Build.0 = Release|Any CPU
		{2638EEEB-4F39-45FB-8C17-4BD75571C7ED}.Debug|Any CPU.ActiveCfg = Debug|Any CPU
		{2638EEEB-4F39-45FB-8C17-4BD75571C7ED}.Debug|Any CPU.Build.0 = Debug|Any CPU
		{2638EEEB-4F39-45FB-8C17-4BD75571C7ED}.Release|Any CPU.ActiveCfg = Release|Any CPU
		{2638EEEB-4F39-45FB-8C17-4BD75571C7ED}.Release|Any CPU.Build.0 = Release|Any CPU
	EndGlobalSection
	GlobalSection(SolutionProperties) = preSolution
		HideSolutionNode = FALSE
	EndGlobalSection
EndGlobal
