
Microsoft Visual Studio Solution File, Format Version 12.00
# Visual Studio 14
VisualStudioVersion = 14.0.24720.0
MinimumVisualStudioVersion = 10.0.40219.1
Project("{FAE04EC0-301F-11D3-BF4B-00C04F79EFBC}") = "NinjasOnlineStore.SqlServer", "NinjasOnlineStore.SqlServer\NinjasOnlineStore.SqlServer.csproj", "{2638EEEB-4F39-45FB-8C17-4BD75571C7ED}"
EndProject
Project("{FAE04EC0-301F-11D3-BF4B-00C04F79EFBC}") = "NinjasOnlineStore.SqLite", "NinjasOnlineStore.SQLite\NinjasOnlineStore.SqLite.csproj", "{F56407D2-477E-4769-9395-E338A4A2C805}"
EndProject
Project("{FAE04EC0-301F-11D3-BF4B-00C04F79EFBC}") = "NinjasOnlineStore.JSON", "NinjasOnlineStore.JSON\NinjasOnlineStore.JSON.csproj", "{C293E849-C9A6-421F-9922-5E0990EFDC99}"
EndProject
Project("{FAE04EC0-301F-11D3-BF4B-00C04F79EFBC}") = "NinjasOnlineStore.App", "NinjasOnlineStore.App\NinjasOnlineStore.App.csproj", "{19558D9F-1834-461F-B5F7-B7E8196ED6D0}"
EndProject
Global
	GlobalSection(SolutionConfigurationPlatforms) = preSolution
		Debug|Any CPU = Debug|Any CPU
		Release|Any CPU = Release|Any CPU
	EndGlobalSection
	GlobalSection(ProjectConfigurationPlatforms) = postSolution
		{2638EEEB-4F39-45FB-8C17-4BD75571C7ED}.Debug|Any CPU.ActiveCfg = Debug|Any CPU
		{2638EEEB-4F39-45FB-8C17-4BD75571C7ED}.Debug|Any CPU.Build.0 = Debug|Any CPU
		{2638EEEB-4F39-45FB-8C17-4BD75571C7ED}.Release|Any CPU.ActiveCfg = Release|Any CPU
		{2638EEEB-4F39-45FB-8C17-4BD75571C7ED}.Release|Any CPU.Build.0 = Release|Any CPU
		{F56407D2-477E-4769-9395-E338A4A2C805}.Debug|Any CPU.ActiveCfg = Debug|Any CPU
		{F56407D2-477E-4769-9395-E338A4A2C805}.Debug|Any CPU.Build.0 = Debug|Any CPU
		{F56407D2-477E-4769-9395-E338A4A2C805}.Release|Any CPU.ActiveCfg = Release|Any CPU
		{F56407D2-477E-4769-9395-E338A4A2C805}.Release|Any CPU.Build.0 = Release|Any CPU
		{C293E849-C9A6-421F-9922-5E0990EFDC99}.Debug|Any CPU.ActiveCfg = Debug|Any CPU
		{C293E849-C9A6-421F-9922-5E0990EFDC99}.Debug|Any CPU.Build.0 = Debug|Any CPU
		{C293E849-C9A6-421F-9922-5E0990EFDC99}.Release|Any CPU.ActiveCfg = Release|Any CPU
		{C293E849-C9A6-421F-9922-5E0990EFDC99}.Release|Any CPU.Build.0 = Release|Any CPU
		{19558D9F-1834-461F-B5F7-B7E8196ED6D0}.Debug|Any CPU.ActiveCfg = Debug|Any CPU
		{19558D9F-1834-461F-B5F7-B7E8196ED6D0}.Debug|Any CPU.Build.0 = Debug|Any CPU
		{19558D9F-1834-461F-B5F7-B7E8196ED6D0}.Release|Any CPU.ActiveCfg = Release|Any CPU
		{19558D9F-1834-461F-B5F7-B7E8196ED6D0}.Release|Any CPU.Build.0 = Release|Any CPU
	EndGlobalSection
	GlobalSection(SolutionProperties) = preSolution
		HideSolutionNode = FALSE
	EndGlobalSection
EndGlobal
